
Microsoft Visual Studio Solution File, Format Version 12.00
# Visual Studio Version 17
VisualStudioVersion = 17.0.31903.59
MinimumVisualStudioVersion = 10.0.40219.1
Project("{2150E333-8FDC-42A3-9474-1A3956D46DE8}") = "src", "src", "{544FDF7D-A7AB-4792-B5C0-3CD4148C5A2E}"
EndProject
Project("{FAE04EC0-301F-11D3-BF4B-00C04F79EFBC}") = "CafeShop.Api", "src\CafeShop.Api\CafeShop.Api.csproj", "{37C26FE0-07B7-401F-9BB7-1BADFB54D2FF}"
EndProject
Global
	GlobalSection(SolutionConfigurationPlatforms) = preSolution
		Debug|Any CPU = Debug|Any CPU
		Release|Any CPU = Release|Any CPU
	EndGlobalSection
	GlobalSection(SolutionProperties) = preSolution
		HideSolutionNode = FALSE
	EndGlobalSection
	GlobalSection(ProjectConfigurationPlatforms) = postSolution
		{37C26FE0-07B7-401F-9BB7-1BADFB54D2FF}.Debug|Any CPU.ActiveCfg = Debug|Any CPU
		{37C26FE0-07B7-401F-9BB7-1BADFB54D2FF}.Debug|Any CPU.Build.0 = Debug|Any CPU
		{37C26FE0-07B7-401F-9BB7-1BADFB54D2FF}.Release|Any CPU.ActiveCfg = Release|Any CPU
		{37C26FE0-07B7-401F-9BB7-1BADFB54D2FF}.Release|Any CPU.Build.0 = Release|Any CPU
	EndGlobalSection
	GlobalSection(NestedProjects) = preSolution
		{37C26FE0-07B7-401F-9BB7-1BADFB54D2FF} = {544FDF7D-A7AB-4792-B5C0-3CD4148C5A2E}
	EndGlobalSection
EndGlobal
